// !$*UTF8*$!
{
	archiveVersion = 1;
	classes = {
	};
	objectVersion = 46;
	objects = {

/* Begin PBXBuildFile section */
		587C208D1A6F13C800A0361A /* AppDelegate.swift in Sources */ = {isa = PBXBuildFile; fileRef = 587C208C1A6F13C800A0361A /* AppDelegate.swift */; };
		587C208F1A6F13C800A0361A /* ViewController.swift in Sources */ = {isa = PBXBuildFile; fileRef = 587C208E1A6F13C800A0361A /* ViewController.swift */; };
		587C20921A6F13C800A0361A /* Main.storyboard in Resources */ = {isa = PBXBuildFile; fileRef = 587C20901A6F13C800A0361A /* Main.storyboard */; };
		587C20941A6F13C800A0361A /* Images.xcassets in Resources */ = {isa = PBXBuildFile; fileRef = 587C20931A6F13C800A0361A /* Images.xcassets */; };
		587C20971A6F13C800A0361A /* LaunchScreen.xib in Resources */ = {isa = PBXBuildFile; fileRef = 587C20951A6F13C800A0361A /* LaunchScreen.xib */; };
		587C20A31A6F13C800A0361A /* CalculadoraTests.swift in Sources */ = {isa = PBXBuildFile; fileRef = 587C20A21A6F13C800A0361A /* CalculadoraTests.swift */; };
/* End PBXBuildFile section */

/* Begin PBXContainerItemProxy section */
		587C209D1A6F13C800A0361A /* PBXContainerItemProxy */ = {
			isa = PBXContainerItemProxy;
			containerPortal = 587C207F1A6F13C800A0361A /* Project object */;
			proxyType = 1;
			remoteGlobalIDString = 587C20861A6F13C800A0361A;
			remoteInfo = Calculadora;
		};
/* End PBXContainerItemProxy section */

/* Begin PBXFileReference section */
		587C20871A6F13C800A0361A /* Calculadora.app */ = {isa = PBXFileReference; explicitFileType = wrapper.application; includeInIndex = 0; path = Calculadora.app; sourceTree = BUILT_PRODUCTS_DIR; };
		587C208B1A6F13C800A0361A /* Info.plist */ = {isa = PBXFileReference; lastKnownFileType = text.plist.xml; path = Info.plist; sourceTree = "<group>"; };
		587C208C1A6F13C800A0361A /* AppDelegate.swift */ = {isa = PBXFileReference; lastKnownFileType = sourcecode.swift; path = AppDelegate.swift; sourceTree = "<group>"; };
		587C208E1A6F13C800A0361A /* ViewController.swift */ = {isa = PBXFileReference; lastKnownFileType = sourcecode.swift; path = ViewController.swift; sourceTree = "<group>"; };
		587C20911A6F13C800A0361A /* Base */ = {isa = PBXFileReference; lastKnownFileType = file.storyboard; name = Base; path = Base.lproj/Main.storyboard; sourceTree = "<group>"; };
		587C20931A6F13C800A0361A /* Images.xcassets */ = {isa = PBXFileReference; lastKnownFileType = folder.assetcatalog; path = Images.xcassets; sourceTree = "<group>"; };
		587C20961A6F13C800A0361A /* Base */ = {isa = PBXFileReference; lastKnownFileType = file.xib; name = Base; path = Base.lproj/LaunchScreen.xib; sourceTree = "<group>"; };
		587C209C1A6F13C800A0361A /* CalculadoraTests.xctest */ = {isa = PBXFileReference; explicitFileType = wrapper.cfbundle; includeInIndex = 0; path = CalculadoraTests.xctest; sourceTree = BUILT_PRODUCTS_DIR; };
		587C20A11A6F13C800A0361A /* Info.plist */ = {isa = PBXFileReference; lastKnownFileType = text.plist.xml; path = Info.plist; sourceTree = "<group>"; };
		587C20A21A6F13C800A0361A /* CalculadoraTests.swift */ = {isa = PBXFileReference; lastKnownFileType = sourcecode.swift; path = CalculadoraTests.swift; sourceTree = "<group>"; };
/* End PBXFileReference section */

/* Begin PBXFrameworksBuildPhase section */
		587C20841A6F13C800A0361A /* Frameworks */ = {
			isa = PBXFrameworksBuildPhase;
			buildActionMask = 2147483647;
			files = (
			);
			runOnlyForDeploymentPostprocessing = 0;
		};
		587C20991A6F13C800A0361A /* Frameworks */ = {
			isa = PBXFrameworksBuildPhase;
			buildActionMask = 2147483647;
			files = (
			);
			runOnlyForDeploymentPostprocessing = 0;
		};
/* End PBXFrameworksBuildPhase section */

/* Begin PBXGroup section */
		587C207E1A6F13C800A0361A = {
			isa = PBXGroup;
			children = (
				587C20891A6F13C800A0361A /* Calculadora */,
				587C209F1A6F13C800A0361A /* CalculadoraTests */,
				587C20881A6F13C800A0361A /* Products */,
			);
			sourceTree = "<group>";
		};
		587C20881A6F13C800A0361A /* Products */ = {
			isa = PBXGroup;
			children = (
				587C20871A6F13C800A0361A /* Calculadora.app */,
				587C209C1A6F13C800A0361A /* CalculadoraTests.xctest */,
			);
			name = Products;
			sourceTree = "<group>";
		};
		587C20891A6F13C800A0361A /* Calculadora */ = {
			isa = PBXGroup;
			children = (
				587C208C1A6F13C800A0361A /* AppDelegate.swift */,
				587C208E1A6F13C800A0361A /* ViewController.swift */,
				587C20901A6F13C800A0361A /* Main.storyboard */,
				587C20931A6F13C800A0361A /* Images.xcassets */,
				587C20951A6F13C800A0361A /* LaunchScreen.xib */,
				587C208A1A6F13C800A0361A /* Supporting Files */,
			);
			path = Calculadora;
			sourceTree = "<group>";
		};
		587C208A1A6F13C800A0361A /* Supporting Files */ = {
			isa = PBXGroup;
			children = (
				587C208B1A6F13C800A0361A /* Info.plist */,
			);
			name = "Supporting Files";
			sourceTree = "<group>";
		};
		587C209F1A6F13C800A0361A /* CalculadoraTests */ = {
			isa = PBXGroup;
			children = (
				587C20A21A6F13C800A0361A /* CalculadoraTests.swift */,
				587C20A01A6F13C800A0361A /* Supporting Files */,
			);
			path = CalculadoraTests;
			sourceTree = "<group>";
		};
		587C20A01A6F13C800A0361A /* Supporting Files */ = {
			isa = PBXGroup;
			children = (
				587C20A11A6F13C800A0361A /* Info.plist */,
			);
			name = "Supporting Files";
			sourceTree = "<group>";
		};
/* End PBXGroup section */

/* Begin PBXNativeTarget section */
		587C20861A6F13C800A0361A /* Calculadora */ = {
			isa = PBXNativeTarget;
			buildConfigurationList = 587C20A61A6F13C800A0361A /* Build configuration list for PBXNativeTarget "Calculadora" */;
			buildPhases = (
				587C20831A6F13C800A0361A /* Sources */,
				587C20841A6F13C800A0361A /* Frameworks */,
				587C20851A6F13C800A0361A /* Resources */,
			);
			buildRules = (
			);
			dependencies = (
			);
			name = Calculadora;
			productName = Calculadora;
			productReference = 587C20871A6F13C800A0361A /* Calculadora.app */;
			productType = "com.apple.product-type.application";
		};
		587C209B1A6F13C800A0361A /* CalculadoraTests */ = {
			isa = PBXNativeTarget;
			buildConfigurationList = 587C20A91A6F13C800A0361A /* Build configuration list for PBXNativeTarget "CalculadoraTests" */;
			buildPhases = (
				587C20981A6F13C800A0361A /* Sources */,
				587C20991A6F13C800A0361A /* Frameworks */,
				587C209A1A6F13C800A0361A /* Resources */,
			);
			buildRules = (
			);
			dependencies = (
				587C209E1A6F13C800A0361A /* PBXTargetDependency */,
			);
			name = CalculadoraTests;
			productName = CalculadoraTests;
			productReference = 587C209C1A6F13C800A0361A /* CalculadoraTests.xctest */;
			productType = "com.apple.product-type.bundle.unit-test";
		};
/* End PBXNativeTarget section */

/* Begin PBXProject section */
		587C207F1A6F13C800A0361A /* Project object */ = {
			isa = PBXProject;
			attributes = {
				LastUpgradeCheck = 0610;
				ORGANIZATIONNAME = fcc;
				TargetAttributes = {
					587C20861A6F13C800A0361A = {
						CreatedOnToolsVersion = 6.1.1;
					};
					587C209B1A6F13C800A0361A = {
						CreatedOnToolsVersion = 6.1.1;
						TestTargetID = 587C20861A6F13C800A0361A;
					};
				};
			};
			buildConfigurationList = 587C20821A6F13C800A0361A /* Build configuration list for PBXProject "Calculadora" */;
			compatibilityVersion = "Xcode 3.2";
			developmentRegion = English;
			hasScannedForEncodings = 0;
			knownRegions = (
				en,
				Base,
			);
			mainGroup = 587C207E1A6F13C800A0361A;
			productRefGroup = 587C20881A6F13C800A0361A /* Products */;
			projectDirPath = "";
			projectRoot = "";
			targets = (
				587C20861A6F13C800A0361A /* Calculadora */,
				587C209B1A6F13C800A0361A /* CalculadoraTests */,
			);
		};
/* End PBXProject section */

/* Begin PBXResourcesBuildPhase section */
		587C20851A6F13C800A0361A /* Resources */ = {
			isa = PBXResourcesBuildPhase;
			buildActionMask = 2147483647;
			files = (
				587C20921A6F13C800A0361A /* Main.storyboard in Resources */,
				587C20971A6F13C800A0361A /* LaunchScreen.xib in Resources */,
				587C20941A6F13C800A0361A /* Images.xcassets in Resources */,
			);
			runOnlyForDeploymentPostprocessing = 0;
		};
		587C209A1A6F13C800A0361A /* Resources */ = {
			isa = PBXResourcesBuildPhase;
			buildActionMask = 2147483647;
			files = (
			);
			runOnlyForDeploymentPostprocessing = 0;
		};
/* End PBXResourcesBuildPhase section */

/* Begin PBXSourcesBuildPhase section */
		587C20831A6F13C800A0361A /* Sources */ = {
			isa = PBXSourcesBuildPhase;
			buildActionMask = 2147483647;
			files = (
				587C208F1A6F13C800A0361A /* ViewController.swift in Sources */,
				587C208D1A6F13C800A0361A /* AppDelegate.swift in Sources */,
			);
			runOnlyForDeploymentPostprocessing = 0;
		};
		587C20981A6F13C800A0361A /* Sources */ = {
			isa = PBXSourcesBuildPhase;
			buildActionMask = 2147483647;
			files = (
				587C20A31A6F13C800A0361A /* CalculadoraTests.swift in Sources */,
			);
			runOnlyForDeploymentPostprocessing = 0;
		};
/* End PBXSourcesBuildPhase section */

/* Begin PBXTargetDependency section */
		587C209E1A6F13C800A0361A /* PBXTargetDependency */ = {
			isa = PBXTargetDependency;
			target = 587C20861A6F13C800A0361A /* Calculadora */;
			targetProxy = 587C209D1A6F13C800A0361A /* PBXContainerItemProxy */;
		};
/* End PBXTargetDependency section */

/* Begin PBXVariantGroup section */
		587C20901A6F13C800A0361A /* Main.storyboard */ = {
			isa = PBXVariantGroup;
			children = (
				587C20911A6F13C800A0361A /* Base */,
			);
			name = Main.storyboard;
			sourceTree = "<group>";
		};
		587C20951A6F13C800A0361A /* LaunchScreen.xib */ = {
			isa = PBXVariantGroup;
			children = (
				587C20961A6F13C800A0361A /* Base */,
			);
			name = LaunchScreen.xib;
			sourceTree = "<group>";
		};
/* End PBXVariantGroup section */

/* Begin XCBuildConfiguration section */
		587C20A41A6F13C800A0361A /* Debug */ = {
			isa = XCBuildConfiguration;
			buildSettings = {
				ALWAYS_SEARCH_USER_PATHS = NO;
				CLANG_CXX_LANGUAGE_STANDARD = "gnu++0x";
				CLANG_CXX_LIBRARY = "libc++";
				CLANG_ENABLE_MODULES = YES;
				CLANG_ENABLE_OBJC_ARC = YES;
				CLANG_WARN_BOOL_CONVERSION = YES;
				CLANG_WARN_CONSTANT_CONVERSION = YES;
				CLANG_WARN_DIRECT_OBJC_ISA_USAGE = YES_ERROR;
				CLANG_WARN_EMPTY_BODY = YES;
				CLANG_WARN_ENUM_CONVERSION = YES;
				CLANG_WARN_INT_CONVERSION = YES;
				CLANG_WARN_OBJC_ROOT_CLASS = YES_ERROR;
				CLANG_WARN_UNREACHABLE_CODE = YES;
				CLANG_WARN__DUPLICATE_METHOD_MATCH = YES;
				"CODE_SIGN_IDENTITY[sdk=iphoneos*]" = "iPhone Developer";
				COPY_PHASE_STRIP = NO;
				ENABLE_STRICT_OBJC_MSGSEND = YES;
				GCC_C_LANGUAGE_STANDARD = gnu99;
				GCC_DYNAMIC_NO_PIC = NO;
				GCC_OPTIMIZATION_LEVEL = 0;
				GCC_PREPROCESSOR_DEFINITIONS = (
					"DEBUG=1",
					"$(inherited)",
				);
				GCC_SYMBOLS_PRIVATE_EXTERN = NO;
				GCC_WARN_64_TO_32_BIT_CONVERSION = YES;
				GCC_WARN_ABOUT_RETURN_TYPE = YES_ERROR;
				GCC_WARN_UNDECLARED_SELECTOR = YES;
				GCC_WARN_UNINITIALIZED_AUTOS = YES_AGGRESSIVE;
				GCC_WARN_UNUSED_FUNCTION = YES;
				GCC_WARN_UNUSED_VARIABLE = YES;
				IPHONEOS_DEPLOYMENT_TARGET = 8.1;
				MTL_ENABLE_DEBUG_INFO = YES;
				ONLY_ACTIVE_ARCH = YES;
				SDKROOT = iphoneos;
				SWIFT_OPTIMIZATION_LEVEL = "-Onone";
				TARGETED_DEVICE_FAMILY = "1,2";
			};
			name = Debug;
		};
		587C20A51A6F13C800A0361A /* Release */ = {
			isa = XCBuildConfiguration;
			buildSettings = {
				ALWAYS_SEARCH_USER_PATHS = NO;
				CLANG_CXX_LANGUAGE_STANDARD = "gnu++0x";
				CLANG_CXX_LIBRARY = "libc++";
				CLANG_ENABLE_MODULES = YES;
				CLANG_ENABLE_OBJC_ARC = YES;
				CLANG_WARN_BOOL_CONVERSION = YES;
				CLANG_WARN_CONSTANT_CONVERSION = YES;
				CLANG_WARN_DIRECT_OBJC_ISA_USAGE = YES_ERROR;
				CLANG_WARN_EMPTY_BODY = YES;
				CLANG_WARN_ENUM_CONVERSION = YES;
				CLANG_WARN_INT_CONVERSION = YES;
				CLANG_WARN_OBJC_ROOT_CLASS = YES_ERROR;
				CLANG_WARN_UNREACHABLE_CODE = YES;
				CLANG_WARN__DUPLICATE_METHOD_MATCH = YES;
				"CODE_SIGN_IDENTITY[sdk=iphoneos*]" = "iPhone Developer";
				COPY_PHASE_STRIP = YES;
				ENABLE_NS_ASSERTIONS = NO;
				ENABLE_STRICT_OBJC_MSGSEND = YES;
				GCC_C_LANGUAGE_STANDARD = gnu99;
				GCC_WARN_64_TO_32_BIT_CONVERSION = YES;
				GCC_WARN_ABOUT_RETURN_TYPE = YES_ERROR;
				GCC_WARN_UNDECLARED_SELECTOR = YES;
				GCC_WARN_UNINITIALIZED_AUTOS = YES_AGGRESSIVE;
				GCC_WARN_UNUSED_FUNCTION = YES;
				GCC_WARN_UNUSED_VARIABLE = YES;
				IPHONEOS_DEPLOYMENT_TARGET = 8.1;
				MTL_ENABLE_DEBUG_INFO = NO;
				SDKROOT = iphoneos;
				TARGETED_DEVICE_FAMILY = "1,2";
				VALIDATE_PRODUCT = YES;
			};
			name = Release;
		};
		587C20A71A6F13C800A0361A /* Debug */ = {
			isa = XCBuildConfiguration;
			buildSettings = {
				ASSETCATALOG_COMPILER_APPICON_NAME = AppIcon;
				INFOPLIST_FILE = Calculadora/Info.plist;
				LD_RUNPATH_SEARCH_PATHS = "$(inherited) @executable_path/Frameworks";
				PRODUCT_NAME = "$(TARGET_NAME)";
			};
			name = Debug;
		};
		587C20A81A6F13C800A0361A /* Release */ = {
			isa = XCBuildConfiguration;
			buildSettings = {
				ASSETCATALOG_COMPILER_APPICON_NAME = AppIcon;
				INFOPLIST_FILE = Calculadora/Info.plist;
				LD_RUNPATH_SEARCH_PATHS = "$(inherited) @executable_path/Frameworks";
				PRODUCT_NAME = "$(TARGET_NAME)";
			};
			name = Release;
		};
		587C20AA1A6F13C800A0361A /* Debug */ = {
			isa = XCBuildConfiguration;
			buildSettings = {
				BUNDLE_LOADER = "$(TEST_HOST)";
				FRAMEWORK_SEARCH_PATHS = (
					"$(SDKROOT)/Developer/Library/Frameworks",
					"$(inherited)",
				);
				GCC_PREPROCESSOR_DEFINITIONS = (
					"DEBUG=1",
					"$(inherited)",
				);
				INFOPLIST_FILE = CalculadoraTests/Info.plist;
				LD_RUNPATH_SEARCH_PATHS = "$(inherited) @executable_path/Frameworks @loader_path/Frameworks";
				PRODUCT_NAME = "$(TARGET_NAME)";
				TEST_HOST = "$(BUILT_PRODUCTS_DIR)/Calculadora.app/Calculadora";
			};
			name = Debug;
		};
		587C20AB1A6F13C800A0361A /* Release */ = {
			isa = XCBuildConfiguration;
			buildSettings = {
				BUNDLE_LOADER = "$(TEST_HOST)";
				FRAMEWORK_SEARCH_PATHS = (
					"$(SDKROOT)/Developer/Library/Frameworks",
					"$(inherited)",
				);
				INFOPLIST_FILE = CalculadoraTests/Info.plist;
				LD_RUNPATH_SEARCH_PATHS = "$(inherited) @executable_path/Frameworks @loader_path/Frameworks";
				PRODUCT_NAME = "$(TARGET_NAME)";
				TEST_HOST = "$(BUILT_PRODUCTS_DIR)/Calculadora.app/Calculadora";
			};
			name = Release;
		};
/* End XCBuildConfiguration section */

/* Begin XCConfigurationList section */
		587C20821A6F13C800A0361A /* Build configuration list for PBXProject "Calculadora" */ = {
			isa = XCConfigurationList;
			buildConfigurations = (
				587C20A41A6F13C800A0361A /* Debug */,
				587C20A51A6F13C800A0361A /* Release */,
			);
			defaultConfigurationIsVisible = 0;
			defaultConfigurationName = Release;
		};
		587C20A61A6F13C800A0361A /* Build configuration list for PBXNativeTarget "Calculadora" */ = {
			isa = XCConfigurationList;
			buildConfigurations = (
				587C20A71A6F13C800A0361A /* Debug */,
				587C20A81A6F13C800A0361A /* Release */,
			);
			defaultConfigurationIsVisible = 0;
		};
		587C20A91A6F13C800A0361A /* Build configuration list for PBXNativeTarget "CalculadoraTests" */ = {
			isa = XCConfigurationList;
			buildConfigurations = (
				587C20AA1A6F13C800A0361A /* Debug */,
				587C20AB1A6F13C800A0361A /* Release */,
			);
			defaultConfigurationIsVisible = 0;
		};
/* End XCConfigurationList section */
	};
	rootObject = 587C207F1A6F13C800A0361A /* Project object */;
}
